// !$*UTF8*$!
{
	archiveVersion = 1;
	classes = {
	};
	objectVersion = 46;
	objects = {

/* Begin PBXBuildFile section */
		2D2B4FB91DACC3BD00228155 /* AppDelegate.swift in Sources */ = {isa = PBXBuildFile; fileRef = 2D2B4FB81DACC3BD00228155 /* AppDelegate.swift */; };
		2D2B4FBE1DACC3BD00228155 /* Main.storyboard in Resources */ = {isa = PBXBuildFile; fileRef = 2D2B4FBC1DACC3BD00228155 /* Main.storyboard */; };
		2D2B4FC01DACC3BD00228155 /* Assets.xcassets in Resources */ = {isa = PBXBuildFile; fileRef = 2D2B4FBF1DACC3BD00228155 /* Assets.xcassets */; };
		2D2B4FC31DACC3BD00228155 /* LaunchScreen.storyboard in Resources */ = {isa = PBXBuildFile; fileRef = 2D2B4FC11DACC3BD00228155 /* LaunchScreen.storyboard */; };
		2D2B4FCF1DACC47000228155 /* SBCardValidationViewController.swift in Sources */ = {isa = PBXBuildFile; fileRef = 2D2B4FCE1DACC47000228155 /* SBCardValidationViewController.swift */; };
		2D2B4FD11DACC47500228155 /* SBCardValidateModel.swift in Sources */ = {isa = PBXBuildFile; fileRef = 2D2B4FD01DACC47500228155 /* SBCardValidateModel.swift */; };
/* End PBXBuildFile section */

/* Begin PBXFileReference section */
		2D2B4FB51DACC3BC00228155 /* SBSwiftyCardValidation.app */ = {isa = PBXFileReference; explicitFileType = wrapper.application; includeInIndex = 0; path = SBSwiftyCardValidation.app; sourceTree = BUILT_PRODUCTS_DIR; };
		2D2B4FB81DACC3BD00228155 /* AppDelegate.swift */ = {isa = PBXFileReference; lastKnownFileType = sourcecode.swift; path = AppDelegate.swift; sourceTree = "<group>"; };
		2D2B4FBD1DACC3BD00228155 /* Base */ = {isa = PBXFileReference; lastKnownFileType = file.storyboard; name = Base; path = Base.lproj/Main.storyboard; sourceTree = "<group>"; };
		2D2B4FBF1DACC3BD00228155 /* Assets.xcassets */ = {isa = PBXFileReference; lastKnownFileType = folder.assetcatalog; path = Assets.xcassets; sourceTree = "<group>"; };
		2D2B4FC21DACC3BD00228155 /* Base */ = {isa = PBXFileReference; lastKnownFileType = file.storyboard; name = Base; path = Base.lproj/LaunchScreen.storyboard; sourceTree = "<group>"; };
		2D2B4FC41DACC3BD00228155 /* Info.plist */ = {isa = PBXFileReference; lastKnownFileType = text.plist.xml; path = Info.plist; sourceTree = "<group>"; };
		2D2B4FCE1DACC47000228155 /* SBCardValidationViewController.swift */ = {isa = PBXFileReference; fileEncoding = 4; lastKnownFileType = sourcecode.swift; path = SBCardValidationViewController.swift; sourceTree = "<group>"; };
		2D2B4FD01DACC47500228155 /* SBCardValidateModel.swift */ = {isa = PBXFileReference; fileEncoding = 4; lastKnownFileType = sourcecode.swift; path = SBCardValidateModel.swift; sourceTree = "<group>"; };
/* End PBXFileReference section */

/* Begin PBXFrameworksBuildPhase section */
		2D2B4FB21DACC3BC00228155 /* Frameworks */ = {
			isa = PBXFrameworksBuildPhase;
			buildActionMask = 2147483647;
			files = (
			);
			runOnlyForDeploymentPostprocessing = 0;
		};
/* End PBXFrameworksBuildPhase section */

/* Begin PBXGroup section */
		2D2B4FAC1DACC3BC00228155 = {
			isa = PBXGroup;
			children = (
				2D2B4FB71DACC3BC00228155 /* SBSwiftyCardValidation */,
				2D2B4FB61DACC3BC00228155 /* Products */,
			);
			sourceTree = "<group>";
		};
		2D2B4FB61DACC3BC00228155 /* Products */ = {
			isa = PBXGroup;
			children = (
				2D2B4FB51DACC3BC00228155 /* SBSwiftyCardValidation.app */,
			);
			name = Products;
			sourceTree = "<group>";
		};
		2D2B4FB71DACC3BC00228155 /* SBSwiftyCardValidation */ = {
			isa = PBXGroup;
			children = (
				2D2B4FCA1DACC43D00228155 /* AppDelegate */,
				2D2B4FCB1DACC44500228155 /* StoryBoard */,
				2D2B4FCC1DACC44F00228155 /* Model */,
				2D2B4FCD1DACC45600228155 /* Controller */,
				2D2B4FBF1DACC3BD00228155 /* Assets.xcassets */,
				2D2B4FC11DACC3BD00228155 /* LaunchScreen.storyboard */,
				2D2B4FC41DACC3BD00228155 /* Info.plist */,
			);
			path = SBSwiftyCardValidation;
			sourceTree = "<group>";
		};
		2D2B4FCA1DACC43D00228155 /* AppDelegate */ = {
			isa = PBXGroup;
			children = (
				2D2B4FB81DACC3BD00228155 /* AppDelegate.swift */,
			);
			name = AppDelegate;
			sourceTree = "<group>";
		};
		2D2B4FCB1DACC44500228155 /* StoryBoard */ = {
			isa = PBXGroup;
			children = (
				2D2B4FBC1DACC3BD00228155 /* Main.storyboard */,
			);
			name = StoryBoard;
			sourceTree = "<group>";
		};
		2D2B4FCC1DACC44F00228155 /* Model */ = {
			isa = PBXGroup;
			children = (
				2D2B4FD01DACC47500228155 /* SBCardValidateModel.swift */,
			);
			name = Model;
			sourceTree = "<group>";
		};
		2D2B4FCD1DACC45600228155 /* Controller */ = {
			isa = PBXGroup;
			children = (
				2D2B4FCE1DACC47000228155 /* SBCardValidationViewController.swift */,
			);
			name = Controller;
			sourceTree = "<group>";
		};
/* End PBXGroup section */

/* Begin PBXNativeTarget section */
		2D2B4FB41DACC3BC00228155 /* SBSwiftyCardValidation */ = {
			isa = PBXNativeTarget;
			buildConfigurationList = 2D2B4FC71DACC3BD00228155 /* Build configuration list for PBXNativeTarget "SBSwiftyCardValidation" */;
			buildPhases = (
				2D2B4FB11DACC3BC00228155 /* Sources */,
				2D2B4FB21DACC3BC00228155 /* Frameworks */,
				2D2B4FB31DACC3BC00228155 /* Resources */,
			);
			buildRules = (
			);
			dependencies = (
			);
			name = SBSwiftyCardValidation;
			productName = SBSwiftyCardValidation;
			productReference = 2D2B4FB51DACC3BC00228155 /* SBSwiftyCardValidation.app */;
			productType = "com.apple.product-type.application";
		};
/* End PBXNativeTarget section */

/* Begin PBXProject section */
		2D2B4FAD1DACC3BC00228155 /* Project object */ = {
			isa = PBXProject;
			attributes = {
				LastSwiftUpdateCheck = 0800;
				LastUpgradeCheck = 0800;
				ORGANIZATIONNAME = SANKARLAL;
				TargetAttributes = {
					2D2B4FB41DACC3BC00228155 = {
						CreatedOnToolsVersion = 8.0;
						ProvisioningStyle = Automatic;
					};
				};
			};
			buildConfigurationList = 2D2B4FB01DACC3BC00228155 /* Build configuration list for PBXProject "SBSwiftyCardValidation" */;
			compatibilityVersion = "Xcode 3.2";
			developmentRegion = English;
			hasScannedForEncodings = 0;
			knownRegions = (
				en,
				Base,
			);
			mainGroup = 2D2B4FAC1DACC3BC00228155;
			productRefGroup = 2D2B4FB61DACC3BC00228155 /* Products */;
			projectDirPath = "";
			projectRoot = "";
			targets = (
				2D2B4FB41DACC3BC00228155 /* SBSwiftyCardValidation */,
			);
		};
/* End PBXProject section */

/* Begin PBXResourcesBuildPhase section */
		2D2B4FB31DACC3BC00228155 /* Resources */ = {
			isa = PBXResourcesBuildPhase;
			buildActionMask = 2147483647;
			files = (
				2D2B4FC31DACC3BD00228155 /* LaunchScreen.storyboard in Resources */,
				2D2B4FC01DACC3BD00228155 /* Assets.xcassets in Resources */,
				2D2B4FBE1DACC3BD00228155 /* Main.storyboard in Resources */,
			);
			runOnlyForDeploymentPostprocessing = 0;
		};
/* End PBXResourcesBuildPhase section */

/* Begin PBXSourcesBuildPhase section */
		2D2B4FB11DACC3BC00228155 /* Sources */ = {
			isa = PBXSourcesBuildPhase;
			buildActionMask = 2147483647;
			files = (
				2D2B4FD11DACC47500228155 /* SBCardValidateModel.swift in Sources */,
				2D2B4FCF1DACC47000228155 /* SBCardValidationViewController.swift in Sources */,
				2D2B4FB91DACC3BD00228155 /* AppDelegate.swift in Sources */,
			);
			runOnlyForDeploymentPostprocessing = 0;
		};
/* End PBXSourcesBuildPhase section */

/* Begin PBXVariantGroup section */
		2D2B4FBC1DACC3BD00228155 /* Main.storyboard */ = {
			isa = PBXVariantGroup;
			children = (
				2D2B4FBD1DACC3BD00228155 /* Base */,
			);
			name = Main.storyboard;
			sourceTree = "<group>";
		};
		2D2B4FC11DACC3BD00228155 /* LaunchScreen.storyboard */ = {
			isa = PBXVariantGroup;
			children = (
				2D2B4FC21DACC3BD00228155 /* Base */,
			);
			name = LaunchScreen.storyboard;
			sourceTree = "<group>";
		};
/* End PBXVariantGroup section */

/* Begin XCBuildConfiguration section */
		2D2B4FC51DACC3BD00228155 /* Debug */ = {
			isa = XCBuildConfiguration;
			buildSettings = {
				ALWAYS_SEARCH_USER_PATHS = NO;
				CLANG_ANALYZER_NONNULL = YES;
				CLANG_CXX_LANGUAGE_STANDARD = "gnu++0x";
				CLANG_CXX_LIBRARY = "libc++";
				CLANG_ENABLE_MODULES = YES;
				CLANG_ENABLE_OBJC_ARC = YES;
				CLANG_WARN_BOOL_CONVERSION = YES;
				CLANG_WARN_CONSTANT_CONVERSION = YES;
				CLANG_WARN_DIRECT_OBJC_ISA_USAGE = YES_ERROR;
				CLANG_WARN_DOCUMENTATION_COMMENTS = YES;
				CLANG_WARN_EMPTY_BODY = YES;
				CLANG_WARN_ENUM_CONVERSION = YES;
				CLANG_WARN_INFINITE_RECURSION = YES;
				CLANG_WARN_INT_CONVERSION = YES;
				CLANG_WARN_OBJC_ROOT_CLASS = YES_ERROR;
				CLANG_WARN_SUSPICIOUS_MOVES = YES;
				CLANG_WARN_UNREACHABLE_CODE = YES;
				CLANG_WARN__DUPLICATE_METHOD_MATCH = YES;
				"CODE_SIGN_IDENTITY[sdk=iphoneos*]" = "iPhone Developer";
				COPY_PHASE_STRIP = NO;
				DEBUG_INFORMATION_FORMAT = dwarf;
				ENABLE_STRICT_OBJC_MSGSEND = YES;
				ENABLE_TESTABILITY = YES;
				GCC_C_LANGUAGE_STANDARD = gnu99;
				GCC_DYNAMIC_NO_PIC = NO;
				GCC_NO_COMMON_BLOCKS = YES;
				GCC_OPTIMIZATION_LEVEL = 0;
				GCC_PREPROCESSOR_DEFINITIONS = (
					"DEBUG=1",
					"$(inherited)",
				);
				GCC_WARN_64_TO_32_BIT_CONVERSION = YES;
				GCC_WARN_ABOUT_RETURN_TYPE = YES_ERROR;
				GCC_WARN_UNDECLARED_SELECTOR = YES;
				GCC_WARN_UNINITIALIZED_AUTOS = YES_AGGRESSIVE;
				GCC_WARN_UNUSED_FUNCTION = YES;
				GCC_WARN_UNUSED_VARIABLE = YES;
				IPHONEOS_DEPLOYMENT_TARGET = 10.0;
				MTL_ENABLE_DEBUG_INFO = YES;
				ONLY_ACTIVE_ARCH = YES;
				SDKROOT = iphoneos;
				SWIFT_ACTIVE_COMPILATION_CONDITIONS = DEBUG;
				SWIFT_OPTIMIZATION_LEVEL = "-Onone";
			};
			name = Debug;
		};
		2D2B4FC61DACC3BD00228155 /* Release */ = {
			isa = XCBuildConfiguration;
			buildSettings = {
				ALWAYS_SEARCH_USER_PATHS = NO;
				CLANG_ANALYZER_NONNULL = YES;
				CLANG_CXX_LANGUAGE_STANDARD = "gnu++0x";
				CLANG_CXX_LIBRARY = "libc++";
				CLANG_ENABLE_MODULES = YES;
				CLANG_ENABLE_OBJC_ARC = YES;
				CLANG_WARN_BOOL_CONVERSION = YES;
				CLANG_WARN_CONSTANT_CONVERSION = YES;
				CLANG_WARN_DIRECT_OBJC_ISA_USAGE = YES_ERROR;
				CLANG_WARN_DOCUMENTATION_COMMENTS = YES;
				CLANG_WARN_EMPTY_BODY = YES;
				CLANG_WARN_ENUM_CONVERSION = YES;
				CLANG_WARN_INFINITE_RECURSION = YES;
				CLANG_WARN_INT_CONVERSION = YES;
				CLANG_WARN_OBJC_ROOT_CLASS = YES_ERROR;
				CLANG_WARN_SUSPICIOUS_MOVES = YES;
				CLANG_WARN_UNREACHABLE_CODE = YES;
				CLANG_WARN__DUPLICATE_METHOD_MATCH = YES;
				"CODE_SIGN_IDENTITY[sdk=iphoneos*]" = "iPhone Developer";
				COPY_PHASE_STRIP = NO;
				DEBUG_INFORMATION_FORMAT = "dwarf-with-dsym";
				ENABLE_NS_ASSERTIONS = NO;
				ENABLE_STRICT_OBJC_MSGSEND = YES;
				GCC_C_LANGUAGE_STANDARD = gnu99;
				GCC_NO_COMMON_BLOCKS = YES;
				GCC_WARN_64_TO_32_BIT_CONVERSION = YES;
				GCC_WARN_ABOUT_RETURN_TYPE = YES_ERROR;
				GCC_WARN_UNDECLARED_SELECTOR = YES;
				GCC_WARN_UNINITIALIZED_AUTOS = YES_AGGRESSIVE;
				GCC_WARN_UNUSED_FUNCTION = YES;
				GCC_WARN_UNUSED_VARIABLE = YES;
				IPHONEOS_DEPLOYMENT_TARGET = 10.0;
				MTL_ENABLE_DEBUG_INFO = NO;
				SDKROOT = iphoneos;
				SWIFT_OPTIMIZATION_LEVEL = "-Owholemodule";
				VALIDATE_PRODUCT = YES;
			};
			name = Release;
		};
		2D2B4FC81DACC3BD00228155 /* Debug */ = {
			isa = XCBuildConfiguration;
			buildSettings = {
				ASSETCATALOG_COMPILER_APPICON_NAME = AppIcon;
				INFOPLIST_FILE = SBSwiftyCardValidation/Info.plist;
				LD_RUNPATH_SEARCH_PATHS = "$(inherited) @executable_path/Frameworks";
				PRODUCT_BUNDLE_IDENTIFIER = com.SANKARLAL.SBSwiftyCardValidation;
				PRODUCT_NAME = "$(TARGET_NAME)";
				SWIFT_VERSION = 3.0;
				TARGETED_DEVICE_FAMILY = 1;
			};
			name = Debug;
		};
		2D2B4FC91DACC3BD00228155 /* Release */ = {
			isa = XCBuildConfiguration;
			buildSettings = {
				ASSETCATALOG_COMPILER_APPICON_NAME = AppIcon;
				INFOPLIST_FILE = SBSwiftyCardValidation/Info.plist;
				LD_RUNPATH_SEARCH_PATHS = "$(inherited) @executable_path/Frameworks";
				PRODUCT_BUNDLE_IDENTIFIER = com.SANKARLAL.SBSwiftyCardValidation;
				PRODUCT_NAME = "$(TARGET_NAME)";
				SWIFT_VERSION = 3.0;
				TARGETED_DEVICE_FAMILY = 1;
			};
			name = Release;
		};
/* End XCBuildConfiguration section */

/* Begin XCConfigurationList section */
		2D2B4FB01DACC3BC00228155 /* Build configuration list for PBXProject "SBSwiftyCardValidation" */ = {
			isa = XCConfigurationList;
			buildConfigurations = (
				2D2B4FC51DACC3BD00228155 /* Debug */,
				2D2B4FC61DACC3BD00228155 /* Release */,
			);
			defaultConfigurationIsVisible = 0;
			defaultConfigurationName = Release;
		};
		2D2B4FC71DACC3BD00228155 /* Build configuration list for PBXNativeTarget "SBSwiftyCardValidation" */ = {
			isa = XCConfigurationList;
			buildConfigurations = (
				2D2B4FC81DACC3BD00228155 /* Debug */,
				2D2B4FC91DACC3BD00228155 /* Release */,
			);
			defaultConfigurationIsVisible = 0;
		};
/* End XCConfigurationList section */
	};
	rootObject = 2D2B4FAD1DACC3BC00228155 /* Project object */;
}
